
Microsoft Visual Studio Solution File, Format Version 12.00
# Visual Studio Version 17
VisualStudioVersion = 17.8.34601.278
MinimumVisualStudioVersion = 10.0.40219.1
Project("{9A19103F-16F7-4668-BE54-9A1E7A4F7556}") = "PubMed.Study.Buddy", "PubMed.Study.Buddy\PubMed.Study.Buddy.csproj", "{C78690BE-600D-497B-851F-D49A0300CE27}"
EndProject
Project("{FAE04EC0-301F-11D3-BF4B-00C04F79EFBC}") = "PubMed.Study.Buddy.Tests", "PubMed.Study.Buddy.Tests\PubMed.Study.Buddy.Tests.csproj", "{DA5F271C-393A-4372-92BA-F62FE86F2576}"
EndProject
Global
	GlobalSection(SolutionConfigurationPlatforms) = preSolution
		Debug|Any CPU = Debug|Any CPU
		Release|Any CPU = Release|Any CPU
	EndGlobalSection
	GlobalSection(ProjectConfigurationPlatforms) = postSolution
		{C78690BE-600D-497B-851F-D49A0300CE27}.Debug|Any CPU.ActiveCfg = Debug|Any CPU
		{C78690BE-600D-497B-851F-D49A0300CE27}.Debug|Any CPU.Build.0 = Debug|Any CPU
		{C78690BE-600D-497B-851F-D49A0300CE27}.Release|Any CPU.ActiveCfg = Release|Any CPU
		{C78690BE-600D-497B-851F-D49A0300CE27}.Release|Any CPU.Build.0 = Release|Any CPU
		{DA5F271C-393A-4372-92BA-F62FE86F2576}.Debug|Any CPU.ActiveCfg = Debug|Any CPU
		{DA5F271C-393A-4372-92BA-F62FE86F2576}.Debug|Any CPU.Build.0 = Debug|Any CPU
		{DA5F271C-393A-4372-92BA-F62FE86F2576}.Release|Any CPU.ActiveCfg = Release|Any CPU
		{DA5F271C-393A-4372-92BA-F62FE86F2576}.Release|Any CPU.Build.0 = Release|Any CPU
	EndGlobalSection
	GlobalSection(SolutionProperties) = preSolution
		HideSolutionNode = FALSE
	EndGlobalSection
	GlobalSection(ExtensibilityGlobals) = postSolution
		SolutionGuid = {4E1C6A03-C721-4005-8DA4-23C4C3D69B1F}
	EndGlobalSection
EndGlobal
